
Microsoft Visual Studio Solution File, Format Version 11.00
# Visual Studio 2010
Project("{FAE04EC0-301F-11D3-BF4B-00C04F79EFBC}") = "AndroidLocationService", "AndroidLocationService\AndroidLocationService.csproj", "{B45C9942-A9AC-45C4-94D7-02B1BC7E6872}"
EndProject
Project("{FAE04EC0-301F-11D3-BF4B-00C04F79EFBC}") = "AndroidLocationDAL", "AndroidLocationDAL\AndroidLocationDAL.csproj", "{EBB80072-BB23-4B35-99FB-9FD570F9285A}"
EndProject
Global
	GlobalSection(SolutionConfigurationPlatforms) = preSolution
		Debug|Any CPU = Debug|Any CPU
		Release|Any CPU = Release|Any CPU
	EndGlobalSection
	GlobalSection(ProjectConfigurationPlatforms) = postSolution
		{B45C9942-A9AC-45C4-94D7-02B1BC7E6872}.Debug|Any CPU.ActiveCfg = Debug|Any CPU
		{B45C9942-A9AC-45C4-94D7-02B1BC7E6872}.Debug|Any CPU.Build.0 = Debug|Any CPU
		{B45C9942-A9AC-45C4-94D7-02B1BC7E6872}.Release|Any CPU.ActiveCfg = Release|Any CPU
		{B45C9942-A9AC-45C4-94D7-02B1BC7E6872}.Release|Any CPU.Build.0 = Release|Any CPU
		{EBB80072-BB23-4B35-99FB-9FD570F9285A}.Debug|Any CPU.ActiveCfg = Debug|Any CPU
		{EBB80072-BB23-4B35-99FB-9FD570F9285A}.Debug|Any CPU.Build.0 = Debug|Any CPU
		{EBB80072-BB23-4B35-99FB-9FD570F9285A}.Release|Any CPU.ActiveCfg = Release|Any CPU
		{EBB80072-BB23-4B35-99FB-9FD570F9285A}.Release|Any CPU.Build.0 = Release|Any CPU
	EndGlobalSection
	GlobalSection(SolutionProperties) = preSolution
		HideSolutionNode = FALSE
	EndGlobalSection
EndGlobal
